
Microsoft Visual Studio Solution File, Format Version 12.00
# Visual Studio 15
VisualStudioVersion = 15.0.26124.0
MinimumVisualStudioVersion = 15.0.26124.0
Project("{FAE04EC0-301F-11D3-BF4B-00C04F79EFBC}") = "Collection-Service", "src\Collection-Service.csproj", "{C64BEF79-05D4-45EC-9668-A89FFD487651}"
EndProject
Project("{FAE04EC0-301F-11D3-BF4B-00C04F79EFBC}") = "Collection-Service.Tests", "test\CollectionService.Tests.csproj", "{97EF4528-F1C4-4D4C-8D6D-4D0AFC78E892}"
EndProject
Global
	GlobalSection(SolutionConfigurationPlatforms) = preSolution
		Debug|Any CPU = Debug|Any CPU
		Release|Any CPU = Release|Any CPU
	EndGlobalSection
	GlobalSection(SolutionProperties) = preSolution
		HideSolutionNode = FALSE
	EndGlobalSection
	GlobalSection(ProjectConfigurationPlatforms) = postSolution
		{C64BEF79-05D4-45EC-9668-A89FFD487651}.Debug|Any CPU.ActiveCfg = Debug|Any CPU
		{C64BEF79-05D4-45EC-9668-A89FFD487651}.Debug|Any CPU.Build.0 = Debug|Any CPU
		{C64BEF79-05D4-45EC-9668-A89FFD487651}.Release|Any CPU.ActiveCfg = Release|Any CPU
		{C64BEF79-05D4-45EC-9668-A89FFD487651}.Release|Any CPU.Build.0 = Release|Any CPU
		{97EF4528-F1C4-4D4C-8D6D-4D0AFC78E892}.Debug|Any CPU.ActiveCfg = Debug|Any CPU
		{97EF4528-F1C4-4D4C-8D6D-4D0AFC78E892}.Debug|Any CPU.Build.0 = Debug|Any CPU
		{97EF4528-F1C4-4D4C-8D6D-4D0AFC78E892}.Release|Any CPU.ActiveCfg = Release|Any CPU
		{97EF4528-F1C4-4D4C-8D6D-4D0AFC78E892}.Release|Any CPU.Build.0 = Release|Any CPU
	EndGlobalSection
EndGlobal
